
Microsoft Visual Studio Solution File, Format Version 12.00
# Visual Studio Version 17
VisualStudioVersion = 17.5.33530.505
MinimumVisualStudioVersion = 10.0.40219.1
Project("{FAE04EC0-301F-11D3-BF4B-00C04F79EFBC}") = "grpcscon", "grpcscon.csproj", "{0C71B01F-BAC5-4CA9-9852-FEE6A2D83087}"
EndProject
Global
	GlobalSection(SolutionConfigurationPlatforms) = preSolution
		Debug|Any CPU = Debug|Any CPU
		Release|Any CPU = Release|Any CPU
	EndGlobalSection
	GlobalSection(ProjectConfigurationPlatforms) = postSolution
		{0C71B01F-BAC5-4CA9-9852-FEE6A2D83087}.Debug|Any CPU.ActiveCfg = Debug|Any CPU
		{0C71B01F-BAC5-4CA9-9852-FEE6A2D83087}.Debug|Any CPU.Build.0 = Debug|Any CPU
		{0C71B01F-BAC5-4CA9-9852-FEE6A2D83087}.Release|Any CPU.ActiveCfg = Release|Any CPU
		{0C71B01F-BAC5-4CA9-9852-FEE6A2D83087}.Release|Any CPU.Build.0 = Release|Any CPU
	EndGlobalSection
	GlobalSection(SolutionProperties) = preSolution
		HideSolutionNode = FALSE
	EndGlobalSection
	GlobalSection(ExtensibilityGlobals) = postSolution
		SolutionGuid = {4915B43B-B81E-4913-A7EC-6A3B5E6E0987}
	EndGlobalSection
EndGlobal
